// !$*UTF8*$!
{
	archiveVersion = 1;
	classes = {
	};
	objectVersion = 50;
	objects = {

/* Begin PBXBuildFile section */
		60E15E3443E407236DA0A065 /* Pods_CoreDataTest.framework in Frameworks */ = {isa = PBXBuildFile; fileRef = ECD01089634032846868136E /* Pods_CoreDataTest.framework */; };
		A3D5AEF22322DF1800C9B772 /* AppDelegate.swift in Sources */ = {isa = PBXBuildFile; fileRef = A3D5AEF12322DF1800C9B772 /* AppDelegate.swift */; };
		A3D5AEF42322DF1800C9B772 /* ViewController.swift in Sources */ = {isa = PBXBuildFile; fileRef = A3D5AEF32322DF1800C9B772 /* ViewController.swift */; };
		A3D5AEF72322DF1900C9B772 /* Main.storyboard in Resources */ = {isa = PBXBuildFile; fileRef = A3D5AEF52322DF1900C9B772 /* Main.storyboard */; };
		A3D5AEFA2322DF1900C9B772 /* CoreDataTest.xcdatamodeld in Sources */ = {isa = PBXBuildFile; fileRef = A3D5AEF82322DF1900C9B772 /* CoreDataTest.xcdatamodeld */; };
		A3D5AEFC2322DF1B00C9B772 /* Assets.xcassets in Resources */ = {isa = PBXBuildFile; fileRef = A3D5AEFB2322DF1B00C9B772 /* Assets.xcassets */; };
		A3D5AEFF2322DF1B00C9B772 /* LaunchScreen.storyboard in Resources */ = {isa = PBXBuildFile; fileRef = A3D5AEFD2322DF1B00C9B772 /* LaunchScreen.storyboard */; };
		A3D5AF072322E0BE00C9B772 /* TableViewCell.swift in Sources */ = {isa = PBXBuildFile; fileRef = A3D5AF062322E0BE00C9B772 /* TableViewCell.swift */; };
		A3D5AF0B2322E2E600C9B772 /* CoreaDataHelper.swift in Sources */ = {isa = PBXBuildFile; fileRef = A3D5AF0A2322E2E600C9B772 /* CoreaDataHelper.swift */; };
		A3D5AF0D2322E64300C9B772 /* Model.swift in Sources */ = {isa = PBXBuildFile; fileRef = A3D5AF0C2322E64300C9B772 /* Model.swift */; };
/* End PBXBuildFile section */

/* Begin PBXFileReference section */
		87E9A1398ABEDF0793C6CC88 /* Pods-CoreDataTest.debug.xcconfig */ = {isa = PBXFileReference; includeInIndex = 1; lastKnownFileType = text.xcconfig; name = "Pods-CoreDataTest.debug.xcconfig"; path = "Pods/Target Support Files/Pods-CoreDataTest/Pods-CoreDataTest.debug.xcconfig"; sourceTree = "<group>"; };
		A3D5AEEE2322DF1800C9B772 /* CoreDataTest.app */ = {isa = PBXFileReference; explicitFileType = wrapper.application; includeInIndex = 0; path = CoreDataTest.app; sourceTree = BUILT_PRODUCTS_DIR; };
		A3D5AEF12322DF1800C9B772 /* AppDelegate.swift */ = {isa = PBXFileReference; lastKnownFileType = sourcecode.swift; path = AppDelegate.swift; sourceTree = "<group>"; };
		A3D5AEF32322DF1800C9B772 /* ViewController.swift */ = {isa = PBXFileReference; lastKnownFileType = sourcecode.swift; path = ViewController.swift; sourceTree = "<group>"; };
		A3D5AEF62322DF1900C9B772 /* Base */ = {isa = PBXFileReference; lastKnownFileType = file.storyboard; name = Base; path = Base.lproj/Main.storyboard; sourceTree = "<group>"; };
		A3D5AEF92322DF1900C9B772 /* CoreDataTest.xcdatamodel */ = {isa = PBXFileReference; lastKnownFileType = wrapper.xcdatamodel; path = CoreDataTest.xcdatamodel; sourceTree = "<group>"; };
		A3D5AEFB2322DF1B00C9B772 /* Assets.xcassets */ = {isa = PBXFileReference; lastKnownFileType = folder.assetcatalog; path = Assets.xcassets; sourceTree = "<group>"; };
		A3D5AEFE2322DF1B00C9B772 /* Base */ = {isa = PBXFileReference; lastKnownFileType = file.storyboard; name = Base; path = Base.lproj/LaunchScreen.storyboard; sourceTree = "<group>"; };
		A3D5AF002322DF1B00C9B772 /* Info.plist */ = {isa = PBXFileReference; lastKnownFileType = text.plist.xml; path = Info.plist; sourceTree = "<group>"; };
		A3D5AF062322E0BE00C9B772 /* TableViewCell.swift */ = {isa = PBXFileReference; lastKnownFileType = sourcecode.swift; path = TableViewCell.swift; sourceTree = "<group>"; };
		A3D5AF0A2322E2E600C9B772 /* CoreaDataHelper.swift */ = {isa = PBXFileReference; lastKnownFileType = sourcecode.swift; path = CoreaDataHelper.swift; sourceTree = "<group>"; };
		A3D5AF0C2322E64300C9B772 /* Model.swift */ = {isa = PBXFileReference; lastKnownFileType = sourcecode.swift; path = Model.swift; sourceTree = "<group>"; };
		B3E7E6AFEB9489E81CB50B6F /* Pods-CoreDataTest.release.xcconfig */ = {isa = PBXFileReference; includeInIndex = 1; lastKnownFileType = text.xcconfig; name = "Pods-CoreDataTest.release.xcconfig"; path = "Pods/Target Support Files/Pods-CoreDataTest/Pods-CoreDataTest.release.xcconfig"; sourceTree = "<group>"; };
		ECD01089634032846868136E /* Pods_CoreDataTest.framework */ = {isa = PBXFileReference; explicitFileType = wrapper.framework; includeInIndex = 0; path = Pods_CoreDataTest.framework; sourceTree = BUILT_PRODUCTS_DIR; };
/* End PBXFileReference section */

/* Begin PBXFrameworksBuildPhase section */
		A3D5AEEB2322DF1800C9B772 /* Frameworks */ = {
			isa = PBXFrameworksBuildPhase;
			buildActionMask = 2147483647;
			files = (
				60E15E3443E407236DA0A065 /* Pods_CoreDataTest.framework in Frameworks */,
			);
			runOnlyForDeploymentPostprocessing = 0;
		};
/* End PBXFrameworksBuildPhase section */

/* Begin PBXGroup section */
		05A41FD6D180EB2011E31B4B /* Frameworks */ = {
			isa = PBXGroup;
			children = (
				ECD01089634032846868136E /* Pods_CoreDataTest.framework */,
			);
			name = Frameworks;
			sourceTree = "<group>";
		};
		598EDB111B7E71D6AF1468A5 /* Pods */ = {
			isa = PBXGroup;
			children = (
				87E9A1398ABEDF0793C6CC88 /* Pods-CoreDataTest.debug.xcconfig */,
				B3E7E6AFEB9489E81CB50B6F /* Pods-CoreDataTest.release.xcconfig */,
			);
			name = Pods;
			sourceTree = "<group>";
		};
		A3D5AEE52322DF1800C9B772 = {
			isa = PBXGroup;
			children = (
				A3D5AEF02322DF1800C9B772 /* CoreDataTest */,
				A3D5AEEF2322DF1800C9B772 /* Products */,
				598EDB111B7E71D6AF1468A5 /* Pods */,
				05A41FD6D180EB2011E31B4B /* Frameworks */,
			);
			sourceTree = "<group>";
		};
		A3D5AEEF2322DF1800C9B772 /* Products */ = {
			isa = PBXGroup;
			children = (
				A3D5AEEE2322DF1800C9B772 /* CoreDataTest.app */,
			);
			name = Products;
			sourceTree = "<group>";
		};
		A3D5AEF02322DF1800C9B772 /* CoreDataTest */ = {
			isa = PBXGroup;
			children = (
				A3D5AEF12322DF1800C9B772 /* AppDelegate.swift */,
				A3D5AF0A2322E2E600C9B772 /* CoreaDataHelper.swift */,
				A3D5AEF32322DF1800C9B772 /* ViewController.swift */,
				A3D5AF062322E0BE00C9B772 /* TableViewCell.swift */,
				A3D5AEF52322DF1900C9B772 /* Main.storyboard */,
				A3D5AEFB2322DF1B00C9B772 /* Assets.xcassets */,
				A3D5AEFD2322DF1B00C9B772 /* LaunchScreen.storyboard */,
				A3D5AF002322DF1B00C9B772 /* Info.plist */,
				A3D5AEF82322DF1900C9B772 /* CoreDataTest.xcdatamodeld */,
				A3D5AF0C2322E64300C9B772 /* Model.swift */,
			);
			path = CoreDataTest;
			sourceTree = "<group>";
		};
/* End PBXGroup section */

/* Begin PBXNativeTarget section */
		A3D5AEED2322DF1800C9B772 /* CoreDataTest */ = {
			isa = PBXNativeTarget;
			buildConfigurationList = A3D5AF032322DF1B00C9B772 /* Build configuration list for PBXNativeTarget "CoreDataTest" */;
			buildPhases = (
				186F990DE3FE1510BDA8D904 /* [CP] Check Pods Manifest.lock */,
				A3D5AEEA2322DF1800C9B772 /* Sources */,
				A3D5AEEB2322DF1800C9B772 /* Frameworks */,
				A3D5AEEC2322DF1800C9B772 /* Resources */,
				54D97A9E81E9505614EFD8FD /* [CP] Embed Pods Frameworks */,
			);
			buildRules = (
			);
			dependencies = (
			);
			name = CoreDataTest;
			productName = CoreDataTest;
			productReference = A3D5AEEE2322DF1800C9B772 /* CoreDataTest.app */;
			productType = "com.apple.product-type.application";
		};
/* End PBXNativeTarget section */

/* Begin PBXProject section */
		A3D5AEE62322DF1800C9B772 /* Project object */ = {
			isa = PBXProject;
			attributes = {
				LastSwiftUpdateCheck = 1030;
				LastUpgradeCheck = 1030;
				ORGANIZATIONNAME = Oodles;
				TargetAttributes = {
					A3D5AEED2322DF1800C9B772 = {
						CreatedOnToolsVersion = 10.3;
					};
				};
			};
			buildConfigurationList = A3D5AEE92322DF1800C9B772 /* Build configuration list for PBXProject "CoreDataTest" */;
			compatibilityVersion = "Xcode 9.3";
			developmentRegion = en;
			hasScannedForEncodings = 0;
			knownRegions = (
				en,
				Base,
			);
			mainGroup = A3D5AEE52322DF1800C9B772;
			productRefGroup = A3D5AEEF2322DF1800C9B772 /* Products */;
			projectDirPath = "";
			projectRoot = "";
			targets = (
				A3D5AEED2322DF1800C9B772 /* CoreDataTest */,
			);
		};
/* End PBXProject section */

/* Begin PBXResourcesBuildPhase section */
		A3D5AEEC2322DF1800C9B772 /* Resources */ = {
			isa = PBXResourcesBuildPhase;
			buildActionMask = 2147483647;
			files = (
				A3D5AEFF2322DF1B00C9B772 /* LaunchScreen.storyboard in Resources */,
				A3D5AEFC2322DF1B00C9B772 /* Assets.xcassets in Resources */,
				A3D5AEF72322DF1900C9B772 /* Main.storyboard in Resources */,
			);
			runOnlyForDeploymentPostprocessing = 0;
		};
/* End PBXResourcesBuildPhase section */

/* Begin PBXShellScriptBuildPhase section */
		186F990DE3FE1510BDA8D904 /* [CP] Check Pods Manifest.lock */ = {
			isa = PBXShellScriptBuildPhase;
			buildActionMask = 2147483647;
			files = (
			);
			inputPaths = (
				"${PODS_PODFILE_DIR_PATH}/Podfile.lock",
				"${PODS_ROOT}/Manifest.lock",
			);
			name = "[CP] Check Pods Manifest.lock";
			outputPaths = (
				"$(DERIVED_FILE_DIR)/Pods-CoreDataTest-checkManifestLockResult.txt",
			);
			runOnlyForDeploymentPostprocessing = 0;
			shellPath = /bin/sh;
			shellScript = "diff \"${PODS_PODFILE_DIR_PATH}/Podfile.lock\" \"${PODS_ROOT}/Manifest.lock\" > /dev/null\nif [ $? != 0 ] ; then\n    # print error to STDERR\n    echo \"error: The sandbox is not in sync with the Podfile.lock. Run 'pod install' or update your CocoaPods installation.\" >&2\n    exit 1\nfi\n# This output is used by Xcode 'outputs' to avoid re-running this script phase.\necho \"SUCCESS\" > \"${SCRIPT_OUTPUT_FILE_0}\"\n";
			showEnvVarsInLog = 0;
		};
		54D97A9E81E9505614EFD8FD /* [CP] Embed Pods Frameworks */ = {
			isa = PBXShellScriptBuildPhase;
			buildActionMask = 2147483647;
			files = (
			);
			inputPaths = (
				"${SRCROOT}/Pods/Target Support Files/Pods-CoreDataTest/Pods-CoreDataTest-frameworks.sh",
				"${BUILT_PRODUCTS_DIR}/Alamofire/Alamofire.framework",
				"${BUILT_PRODUCTS_DIR}/SwiftyJSON/SwiftyJSON.framework",
			);
			name = "[CP] Embed Pods Frameworks";
			outputPaths = (
				"${TARGET_BUILD_DIR}/${FRAMEWORKS_FOLDER_PATH}/Alamofire.framework",
				"${TARGET_BUILD_DIR}/${FRAMEWORKS_FOLDER_PATH}/SwiftyJSON.framework",
			);
			runOnlyForDeploymentPostprocessing = 0;
			shellPath = /bin/sh;
			shellScript = "\"${SRCROOT}/Pods/Target Support Files/Pods-CoreDataTest/Pods-CoreDataTest-frameworks.sh\"\n";
			showEnvVarsInLog = 0;
		};
/* End PBXShellScriptBuildPhase section */

/* Begin PBXSourcesBuildPhase section */
		A3D5AEEA2322DF1800C9B772 /* Sources */ = {
			isa = PBXSourcesBuildPhase;
			buildActionMask = 2147483647;
			files = (
				A3D5AEF42322DF1800C9B772 /* ViewController.swift in Sources */,
				A3D5AF0B2322E2E600C9B772 /* CoreaDataHelper.swift in Sources */,
				A3D5AF072322E0BE00C9B772 /* TableViewCell.swift in Sources */,
				A3D5AF0D2322E64300C9B772 /* Model.swift in Sources */,
				A3D5AEFA2322DF1900C9B772 /* CoreDataTest.xcdatamodeld in Sources */,
				A3D5AEF22322DF1800C9B772 /* AppDelegate.swift in Sources */,
			);
			runOnlyForDeploymentPostprocessing = 0;
		};
/* End PBXSourcesBuildPhase section */

/* Begin PBXVariantGroup section */
		A3D5AEF52322DF1900C9B772 /* Main.storyboard */ = {
			isa = PBXVariantGroup;
			children = (
				A3D5AEF62322DF1900C9B772 /* Base */,
			);
			name = Main.storyboard;
			sourceTree = "<group>";
		};
		A3D5AEFD2322DF1B00C9B772 /* LaunchScreen.storyboard */ = {
			isa = PBXVariantGroup;
			children = (
				A3D5AEFE2322DF1B00C9B772 /* Base */,
			);
			name = LaunchScreen.storyboard;
			sourceTree = "<group>";
		};
/* End PBXVariantGroup section */

/* Begin XCBuildConfiguration section */
		A3D5AF012322DF1B00C9B772 /* Debug */ = {
			isa = XCBuildConfiguration;
			buildSettings = {
				ALWAYS_SEARCH_USER_PATHS = NO;
				CLANG_ANALYZER_NONNULL = YES;
				CLANG_ANALYZER_NUMBER_OBJECT_CONVERSION = YES_AGGRESSIVE;
				CLANG_CXX_LANGUAGE_STANDARD = "gnu++14";
				CLANG_CXX_LIBRARY = "libc++";
				CLANG_ENABLE_MODULES = YES;
				CLANG_ENABLE_OBJC_ARC = YES;
				CLANG_ENABLE_OBJC_WEAK = YES;
				CLANG_WARN_BLOCK_CAPTURE_AUTORELEASING = YES;
				CLANG_WARN_BOOL_CONVERSION = YES;
				CLANG_WARN_COMMA = YES;
				CLANG_WARN_CONSTANT_CONVERSION = YES;
				CLANG_WARN_DEPRECATED_OBJC_IMPLEMENTATIONS = YES;
				CLANG_WARN_DIRECT_OBJC_ISA_USAGE = YES_ERROR;
				CLANG_WARN_DOCUMENTATION_COMMENTS = YES;
				CLANG_WARN_EMPTY_BODY = YES;
				CLANG_WARN_ENUM_CONVERSION = YES;
				CLANG_WARN_INFINITE_RECURSION = YES;
				CLANG_WARN_INT_CONVERSION = YES;
				CLANG_WARN_NON_LITERAL_NULL_CONVERSION = YES;
				CLANG_WARN_OBJC_IMPLICIT_RETAIN_SELF = YES;
				CLANG_WARN_OBJC_LITERAL_CONVERSION = YES;
				CLANG_WARN_OBJC_ROOT_CLASS = YES_ERROR;
				CLANG_WARN_RANGE_LOOP_ANALYSIS = YES;
				CLANG_WARN_STRICT_PROTOTYPES = YES;
				CLANG_WARN_SUSPICIOUS_MOVE = YES;
				CLANG_WARN_UNGUARDED_AVAILABILITY = YES_AGGRESSIVE;
				CLANG_WARN_UNREACHABLE_CODE = YES;
				CLANG_WARN__DUPLICATE_METHOD_MATCH = YES;
				CODE_SIGN_IDENTITY = "iPhone Developer";
				COPY_PHASE_STRIP = NO;
				DEBUG_INFORMATION_FORMAT = dwarf;
				ENABLE_STRICT_OBJC_MSGSEND = YES;
				ENABLE_TESTABILITY = YES;
				GCC_C_LANGUAGE_STANDARD = gnu11;
				GCC_DYNAMIC_NO_PIC = NO;
				GCC_NO_COMMON_BLOCKS = YES;
				GCC_OPTIMIZATION_LEVEL = 0;
				GCC_PREPROCESSOR_DEFINITIONS = (
					"DEBUG=1",
					"$(inherited)",
				);
				GCC_WARN_64_TO_32_BIT_CONVERSION = YES;
				GCC_WARN_ABOUT_RETURN_TYPE = YES_ERROR;
				GCC_WARN_UNDECLARED_SELECTOR = YES;
				GCC_WARN_UNINITIALIZED_AUTOS = YES_AGGRESSIVE;
				GCC_WARN_UNUSED_FUNCTION = YES;
				GCC_WARN_UNUSED_VARIABLE = YES;
				IPHONEOS_DEPLOYMENT_TARGET = 12.4;
				MTL_ENABLE_DEBUG_INFO = INCLUDE_SOURCE;
				MTL_FAST_MATH = YES;
				ONLY_ACTIVE_ARCH = YES;
				SDKROOT = iphoneos;
				SWIFT_ACTIVE_COMPILATION_CONDITIONS = DEBUG;
				SWIFT_OPTIMIZATION_LEVEL = "-Onone";
			};
			name = Debug;
		};
		A3D5AF022322DF1B00C9B772 /* Release */ = {
			isa = XCBuildConfiguration;
			buildSettings = {
				ALWAYS_SEARCH_USER_PATHS = NO;
				CLANG_ANALYZER_NONNULL = YES;
				CLANG_ANALYZER_NUMBER_OBJECT_CONVERSION = YES_AGGRESSIVE;
				CLANG_CXX_LANGUAGE_STANDARD = "gnu++14";
				CLANG_CXX_LIBRARY = "libc++";
				CLANG_ENABLE_MODULES = YES;
				CLANG_ENABLE_OBJC_ARC = YES;
				CLANG_ENABLE_OBJC_WEAK = YES;
				CLANG_WARN_BLOCK_CAPTURE_AUTORELEASING = YES;
				CLANG_WARN_BOOL_CONVERSION = YES;
				CLANG_WARN_COMMA = YES;
				CLANG_WARN_CONSTANT_CONVERSION = YES;
				CLANG_WARN_DEPRECATED_OBJC_IMPLEMENTATIONS = YES;
				CLANG_WARN_DIRECT_OBJC_ISA_USAGE = YES_ERROR;
				CLANG_WARN_DOCUMENTATION_COMMENTS = YES;
				CLANG_WARN_EMPTY_BODY = YES;
				CLANG_WARN_ENUM_CONVERSION = YES;
				CLANG_WARN_INFINITE_RECURSION = YES;
				CLANG_WARN_INT_CONVERSION = YES;
				CLANG_WARN_NON_LITERAL_NULL_CONVERSION = YES;
				CLANG_WARN_OBJC_IMPLICIT_RETAIN_SELF = YES;
				CLANG_WARN_OBJC_LITERAL_CONVERSION = YES;
				CLANG_WARN_OBJC_ROOT_CLASS = YES_ERROR;
				CLANG_WARN_RANGE_LOOP_ANALYSIS = YES;
				CLANG_WARN_STRICT_PROTOTYPES = YES;
				CLANG_WARN_SUSPICIOUS_MOVE = YES;
				CLANG_WARN_UNGUARDED_AVAILABILITY = YES_AGGRESSIVE;
				CLANG_WARN_UNREACHABLE_CODE = YES;
				CLANG_WARN__DUPLICATE_METHOD_MATCH = YES;
				CODE_SIGN_IDENTITY = "iPhone Developer";
				COPY_PHASE_STRIP = NO;
				DEBUG_INFORMATION_FORMAT = "dwarf-with-dsym";
				ENABLE_NS_ASSERTIONS = NO;
				ENABLE_STRICT_OBJC_MSGSEND = YES;
				GCC_C_LANGUAGE_STANDARD = gnu11;
				GCC_NO_COMMON_BLOCKS = YES;
				GCC_WARN_64_TO_32_BIT_CONVERSION = YES;
				GCC_WARN_ABOUT_RETURN_TYPE = YES_ERROR;
				GCC_WARN_UNDECLARED_SELECTOR = YES;
				GCC_WARN_UNINITIALIZED_AUTOS = YES_AGGRESSIVE;
				GCC_WARN_UNUSED_FUNCTION = YES;
				GCC_WARN_UNUSED_VARIABLE = YES;
				IPHONEOS_DEPLOYMENT_TARGET = 12.4;
				MTL_ENABLE_DEBUG_INFO = NO;
				MTL_FAST_MATH = YES;
				SDKROOT = iphoneos;
				SWIFT_COMPILATION_MODE = wholemodule;
				SWIFT_OPTIMIZATION_LEVEL = "-O";
				VALIDATE_PRODUCT = YES;
			};
			name = Release;
		};
		A3D5AF042322DF1B00C9B772 /* Debug */ = {
			isa = XCBuildConfiguration;
			baseConfigurationReference = 87E9A1398ABEDF0793C6CC88 /* Pods-CoreDataTest.debug.xcconfig */;
			buildSettings = {
				ASSETCATALOG_COMPILER_APPICON_NAME = AppIcon;
				CODE_SIGN_STYLE = Automatic;
				DEVELOPMENT_TEAM = Y6DZ8DR537;
				INFOPLIST_FILE = CoreDataTest/Info.plist;
				LD_RUNPATH_SEARCH_PATHS = (
					"$(inherited)",
					"@executable_path/Frameworks",
				);
				PRODUCT_BUNDLE_IDENTIFIER = com.prince.CoreDataTest;
				PRODUCT_NAME = "$(TARGET_NAME)";
				SWIFT_VERSION = 5.0;
				TARGETED_DEVICE_FAMILY = "1,2";
			};
			name = Debug;
		};
		A3D5AF052322DF1B00C9B772 /* Release */ = {
			isa = XCBuildConfiguration;
			baseConfigurationReference = B3E7E6AFEB9489E81CB50B6F /* Pods-CoreDataTest.release.xcconfig */;
			buildSettings = {
				ASSETCATALOG_COMPILER_APPICON_NAME = AppIcon;
				CODE_SIGN_STYLE = Automatic;
				DEVELOPMENT_TEAM = Y6DZ8DR537;
				INFOPLIST_FILE = CoreDataTest/Info.plist;
				LD_RUNPATH_SEARCH_PATHS = (
					"$(inherited)",
					"@executable_path/Frameworks",
				);
				PRODUCT_BUNDLE_IDENTIFIER = com.prince.CoreDataTest;
				PRODUCT_NAME = "$(TARGET_NAME)";
				SWIFT_VERSION = 5.0;
				TARGETED_DEVICE_FAMILY = "1,2";
			};
			name = Release;
		};
/* End XCBuildConfiguration section */

/* Begin XCConfigurationList section */
		A3D5AEE92322DF1800C9B772 /* Build configuration list for PBXProject "CoreDataTest" */ = {
			isa = XCConfigurationList;
			buildConfigurations = (
				A3D5AF012322DF1B00C9B772 /* Debug */,
				A3D5AF022322DF1B00C9B772 /* Release */,
			);
			defaultConfigurationIsVisible = 0;
			defaultConfigurationName = Release;
		};
		A3D5AF032322DF1B00C9B772 /* Build configuration list for PBXNativeTarget "CoreDataTest" */ = {
			isa = XCConfigurationList;
			buildConfigurations = (
				A3D5AF042322DF1B00C9B772 /* Debug */,
				A3D5AF052322DF1B00C9B772 /* Release */,
			);
			defaultConfigurationIsVisible = 0;
			defaultConfigurationName = Release;
		};
/* End XCConfigurationList section */

/* Begin XCVersionGroup section */
		A3D5AEF82322DF1900C9B772 /* CoreDataTest.xcdatamodeld */ = {
			isa = XCVersionGroup;
			children = (
				A3D5AEF92322DF1900C9B772 /* CoreDataTest.xcdatamodel */,
			);
			currentVersion = A3D5AEF92322DF1900C9B772 /* CoreDataTest.xcdatamodel */;
			path = CoreDataTest.xcdatamodeld;
			sourceTree = "<group>";
			versionGroupType = wrapper.xcdatamodel;
		};
/* End XCVersionGroup section */
	};
	rootObject = A3D5AEE62322DF1800C9B772 /* Project object */;
}
